<?xml version="1.0" encoding="utf-8"?>
<Project ToolsVersion="4.0" xmlns="http://schemas.microsoft.com/developer/msbuild/2003">
  <ItemGroup>
    <Filter Include="Source files">
      <UniqueIdentifier>{6230caf1-3b21-4410-9eac-9feed81a9b13}</UniqueIdentifier>
      <Extensions>cpp;c;cc;cxx;def;odl;idl;hpj;bat;asm;asmx</Extensions>
    </Filter>
    <Filter Include="Header files">
      <UniqueIdentifier>{df320e36-c442-4269-af27-729eee9ee299}</UniqueIdentifier>
      <Extensions>h;hpp;hxx;hm;inl;inc;xsd</Extensions>
    </Filter>
    <Filter Include="Resource files">
      <UniqueIdentifier>{7893330c-0622-4d2c-b4bb-0951dffb200a}</UniqueIdentifier>
      <Extensions>rc;ico;cur;bmp;dlg;rc2;rct;bin;rgs;gif;jpg;jpeg;jpe;resx;tiff;tif;png;wav</Extensions>
    </Filter>
    <Filter Include="Source files\USER">
      <UniqueIdentifier>{d3635d2e-5ba0-47a1-aaaa-d57bcbb49a97}</UniqueIdentifier>
    </Filter>
    <Filter Include="Source files\HARDWARE">
      <UniqueIdentifier>{111ed700-7426-4174-8a45-96581fa0e092}</UniqueIdentifier>
    </Filter>
    <Filter Include="Source files\CORE">
      <UniqueIdentifier>{cbb82ac3-24b2-4478-b04a-5560a3948cea}</UniqueIdentifier>
    </Filter>
    <Filter Include="Source files\FWLIB">
      <UniqueIdentifier>{be6188bd-ea07-4c54-86e7-597992f35350}</UniqueIdentifier>
    </Filter>
    <Filter Include="Source files\SYSTEM">
      <UniqueIdentifier>{73d5dba9-4d19-4ddd-929b-772037710be1}</UniqueIdentifier>
    </Filter>
    <Filter Include="Source files\USMART">
      <UniqueIdentifier>{c4a39467-19eb-478f-b366-1a7b1b8ea7b3}</UniqueIdentifier>
    </Filter>
    <Filter Include="Source files\LWIP-APP">
      <UniqueIdentifier>{79db0ff6-392a-464d-a25b-1ac851edef13}</UniqueIdentifier>
    </Filter>
    <Filter Include="Source files\LWIP-NETIF">
      <UniqueIdentifier>{0af34744-e9ce-48e0-b636-297963d41c36}</UniqueIdentifier>
    </Filter>
    <Filter Include="Source files\LWIP-CORE">
      <UniqueIdentifier>{c605170e-5195-4e4a-b463-8106bd25b9d8}</UniqueIdentifier>
    </Filter>
    <Filter Include="Source files\LWIP-ARCH">
      <UniqueIdentifier>{985aff4a-bb46-4023-934d-d28b514d0da1}</UniqueIdentifier>
    </Filter>
    <Filter Include="Source files\LWIP-API">
      <UniqueIdentifier>{ca07ec3b-4d89-4fde-a670-606a010580b7}</UniqueIdentifier>
    </Filter>
    <Filter Include="Source files\MALLOC">
      <UniqueIdentifier>{cc0ff4d2-68c5-471f-a56e-386cf45d2944}</UniqueIdentifier>
    </Filter>
    <Filter Include="Source files\Device-specific files">
      <UniqueIdentifier>{ccac0ad5-25c9-4f9d-baf2-e2f3ad191f7a}</UniqueIdentifier>
    </Filter>
    <Filter Include="Header files\USER">
      <UniqueIdentifier>{bbaab6c7-83ec-44cb-8e3d-e14845d94e30}</UniqueIdentifier>
    </Filter>
    <Filter Include="Header files\HARDWARE">
      <UniqueIdentifier>{7a3099c4-6516-4a2a-a368-d820f9202ef0}</UniqueIdentifier>
    </Filter>
    <Filter Include="Header files\CORE">
      <UniqueIdentifier>{dec0105f-fa90-4546-bb02-f85fa82bcf0c}</UniqueIdentifier>
    </Filter>
    <Filter Include="Header files\FWLIB">
      <UniqueIdentifier>{edc71882-45ff-4e8b-b7fb-78e71a335317}</UniqueIdentifier>
    </Filter>
    <Filter Include="Header files\SYSTEM">
      <UniqueIdentifier>{11d8bd35-1ba6-4ce6-8ea4-cbc77b5fefde}</UniqueIdentifier>
    </Filter>
    <Filter Include="Header files\USMART">
      <UniqueIdentifier>{a8fe9fac-7420-4eb0-8869-e1b7a8544c30}</UniqueIdentifier>
    </Filter>
    <Filter Include="Header files\LWIP-APP">
      <UniqueIdentifier>{f0993b06-fb60-49a3-be85-e5ab12930bc5}</UniqueIdentifier>
    </Filter>
    <Filter Include="Header files\LWIP-NETIF">
      <UniqueIdentifier>{35092319-d833-4446-8132-c620512a5069}</UniqueIdentifier>
    </Filter>
    <Filter Include="Header files\LWIP-CORE">
      <UniqueIdentifier>{dd7bb8f1-7071-41bc-b875-877d0f4f208f}</UniqueIdentifier>
    </Filter>
    <Filter Include="Header files\LWIP-ARCH">
      <UniqueIdentifier>{3927b207-8868-4eed-962f-0fa5f4318126}</UniqueIdentifier>
    </Filter>
    <Filter Include="Header files\LWIP-API">
      <UniqueIdentifier>{b5705050-7ca1-4792-86ad-02cea2438be4}</UniqueIdentifier>
    </Filter>
    <Filter Include="Header files\MALLOC">
      <UniqueIdentifier>{99ad9ff1-7cb7-4562-a8d0-db44f6341e76}</UniqueIdentifier>
    </Filter>
    <Filter Include="Header files\Device-specific files">
      <UniqueIdentifier>{dcae486b-038f-4329-b522-e26dff8f0d1d}</UniqueIdentifier>
    </Filter>
    <Filter Include="VisualGDB settings">
      <UniqueIdentifier>{b1499a19-1ba3-4ca0-b46d-4b302df597f6}</UniqueIdentifier>
    </Filter>
  </ItemGroup>
  <ItemGroup>
    <ClCompile Include="..\..\..\USER\main.c">
      <Filter>Source files\USER</Filter>
    </ClCompile>
    <ClCompile Include="..\..\..\USER\stm32f4xx_it.c">
      <Filter>Source files\USER</Filter>
    </ClCompile>
    <ClCompile Include="..\..\..\USER\system_stm32f4xx.c">
      <Filter>Source files\USER</Filter>
    </ClCompile>
    <ClCompile Include="..\..\..\HARDWARE\KEY\key.c">
      <Filter>Source files\HARDWARE</Filter>
    </ClCompile>
    <ClCompile Include="..\..\..\HARDWARE\LED\led.c">
      <Filter>Source files\HARDWARE</Filter>
    </ClCompile>
    <ClCompile Include="..\..\..\HARDWARE\TIMER\timer.c">
      <Filter>Source files\HARDWARE</Filter>
    </ClCompile>
    <ClCompile Include="..\..\..\HARDWARE\LCD\lcd.c">
      <Filter>Source files\HARDWARE</Filter>
    </ClCompile>
    <ClCompile Include="..\..\..\HARDWARE\ETHERNET\LAN8720.c">
      <Filter>Source files\HARDWARE</Filter>
    </ClCompile>
    <ClCompile Include="..\..\..\HARDWARE\SRAM\sram.c">
      <Filter>Source files\HARDWARE</Filter>
    </ClCompile>
    <ClCompile Include="..\..\..\HARDWARE\BEEP\beep.c">
      <Filter>Source files\HARDWARE</Filter>
    </ClCompile>
    <ClCompile Include="..\..\..\HARDWARE\InterTemperate\temperature.c">
      <Filter>Source files\HARDWARE</Filter>
    </ClCompile>
    <ClCompile Include="..\..\..\HARDWARE\RTC\rtc.c">
      <Filter>Source files\HARDWARE</Filter>
    </ClCompile>
    <ClCompile Include="..\..\..\HARDWARE\ADC\adc.c">
      <Filter>Source files\HARDWARE</Filter>
    </ClCompile>
    <ClCompile Include="..\..\..\CORE\startup_stm32f40_41xxx.s">
      <Filter>Source files\CORE</Filter>
    </ClCompile>
    <ClCompile Include="..\..\..\FWLIB\STM32F4xx_StdPeriph_Driver\src\misc.c">
      <Filter>Source files\FWLIB</Filter>
    </ClCompile>
    <ClCompile Include="..\..\..\FWLIB\STM32F4xx_StdPeriph_Driver\src\stm32f4xx_gpio.c">
      <Filter>Source files\FWLIB</Filter>
    </ClCompile>
    <ClCompile Include="..\..\..\FWLIB\STM32F4xx_StdPeriph_Driver\src\stm32f4xx_rcc.c">
      <Filter>Source files\FWLIB</Filter>
    </ClCompile>
    <ClCompile Include="..\..\..\FWLIB\STM32F4xx_StdPeriph_Driver\src\stm32f4xx_syscfg.c">
      <Filter>Source files\FWLIB</Filter>
    </ClCompile>
    <ClCompile Include="..\..\..\FWLIB\STM32F4xx_StdPeriph_Driver\src\stm32f4xx_tim.c">
      <Filter>Source files\FWLIB</Filter>
    </ClCompile>
    <ClCompile Include="..\..\..\FWLIB\STM32F4xx_StdPeriph_Driver\src\stm32f4xx_usart.c">
      <Filter>Source files\FWLIB</Filter>
    </ClCompile>
    <ClCompile Include="..\..\..\FWLIB\STM32F4x7_ETH_Driver\src\stm32f4x7_eth.c">
      <Filter>Source files\FWLIB</Filter>
    </ClCompile>
    <ClCompile Include="..\..\..\FWLIB\STM32F4xx_StdPeriph_Driver\src\stm32f4xx_adc.c">
      <Filter>Source files\FWLIB</Filter>
    </ClCompile>
    <ClCompile Include="..\..\..\FWLIB\STM32F4xx_StdPeriph_Driver\src\stm32f4xx_fsmc.c">
      <Filter>Source files\FWLIB</Filter>
    </ClCompile>
    <ClCompile Include="..\..\..\FWLIB\STM32F4xx_StdPeriph_Driver\src\stm32f4xx_exti.c">
      <Filter>Source files\FWLIB</Filter>
    </ClCompile>
    <ClCompile Include="..\..\..\FWLIB\STM32F4xx_StdPeriph_Driver\src\stm32f4xx_pwr.c">
      <Filter>Source files\FWLIB</Filter>
    </ClCompile>
    <ClCompile Include="..\..\..\FWLIB\STM32F4xx_StdPeriph_Driver\src\stm32f4xx_rtc.c">
      <Filter>Source files\FWLIB</Filter>
    </ClCompile>
    <ClCompile Include="..\..\..\SYSTEM\delay\delay.c">
      <Filter>Source files\SYSTEM</Filter>
    </ClCompile>
    <ClCompile Include="..\..\..\SYSTEM\sys\sys.c">
      <Filter>Source files\SYSTEM</Filter>
    </ClCompile>
    <ClCompile Include="..\..\..\SYSTEM\usart\usart.c">
      <Filter>Source files\SYSTEM</Filter>
    </ClCompile>
    <ClCompile Include="..\..\..\USMART\usmart.c">
      <Filter>Source files\USMART</Filter>
    </ClCompile>
    <ClCompile Include="..\..\..\USMART\usmart_config.c">
      <Filter>Source files\USMART</Filter>
    </ClCompile>
    <ClCompile Include="..\..\..\USMART\usmart_str.c">
      <Filter>Source files\USMART</Filter>
    </ClCompile>
    <ClCompile Include="..\..\..\LWIP\lwip_app\lwip_comm\lwip_comm.c">
      <Filter>Source files\LWIP-APP</Filter>
    </ClCompile>
    <ClCompile Include="..\..\..\LWIP\lwip_app\web_server_demo\fs.c">
      <Filter>Source files\LWIP-APP</Filter>
    </ClCompile>
    <ClCompile Include="..\..\..\LWIP\lwip_app\web_server_demo\httpd.c">
      <Filter>Source files\LWIP-APP</Filter>
    </ClCompile>
    <ClCompile Include="..\..\..\LWIP\lwip_app\web_server_demo\httpd_cgi_ssi.c">
      <Filter>Source files\LWIP-APP</Filter>
    </ClCompile>
    <ClCompile Include="..\..\..\LWIP\lwip-1.4.1\src\netif\etharp.c">
      <Filter>Source files\LWIP-NETIF</Filter>
    </ClCompile>
    <ClCompile Include="..\..\..\LWIP\lwip-1.4.1\src\netif\ethernetif.c">
      <Filter>Source files\LWIP-NETIF</Filter>
    </ClCompile>
    <ClCompile Include="..\..\..\LWIP\lwip-1.4.1\src\core\ipv4\autoip.c">
      <Filter>Source files\LWIP-CORE</Filter>
    </ClCompile>
    <ClCompile Include="..\..\..\LWIP\lwip-1.4.1\src\core\ipv4\icmp.c">
      <Filter>Source files\LWIP-CORE</Filter>
    </ClCompile>
    <ClCompile Include="..\..\..\LWIP\lwip-1.4.1\src\core\ipv4\igmp.c">
      <Filter>Source files\LWIP-CORE</Filter>
    </ClCompile>
    <ClCompile Include="..\..\..\LWIP\lwip-1.4.1\src\core\ipv4\inet.c">
      <Filter>Source files\LWIP-CORE</Filter>
    </ClCompile>
    <ClCompile Include="..\..\..\LWIP\lwip-1.4.1\src\core\ipv4\inet_chksum.c">
      <Filter>Source files\LWIP-CORE</Filter>
    </ClCompile>
    <ClCompile Include="..\..\..\LWIP\lwip-1.4.1\src\core\ipv4\ip.c">
      <Filter>Source files\LWIP-CORE</Filter>
    </ClCompile>
    <ClCompile Include="..\..\..\LWIP\lwip-1.4.1\src\core\ipv4\ip_addr.c">
      <Filter>Source files\LWIP-CORE</Filter>
    </ClCompile>
    <ClCompile Include="..\..\..\LWIP\lwip-1.4.1\src\core\ipv4\ip_frag.c">
      <Filter>Source files\LWIP-CORE</Filter>
    </ClCompile>
    <ClCompile Include="..\..\..\LWIP\lwip-1.4.1\src\core\def.c">
      <Filter>Source files\LWIP-CORE</Filter>
    </ClCompile>
    <ClCompile Include="..\..\..\LWIP\lwip-1.4.1\src\core\dhcp.c">
      <Filter>Source files\LWIP-CORE</Filter>
    </ClCompile>
    <ClCompile Include="..\..\..\LWIP\lwip-1.4.1\src\core\dns.c">
      <Filter>Source files\LWIP-CORE</Filter>
    </ClCompile>
    <ClCompile Include="..\..\..\LWIP\lwip-1.4.1\src\core\init.c">
      <Filter>Source files\LWIP-CORE</Filter>
    </ClCompile>
    <ClCompile Include="..\..\..\LWIP\lwip-1.4.1\src\core\memp.c">
      <Filter>Source files\LWIP-CORE</Filter>
    </ClCompile>
    <ClCompile Include="..\..\..\LWIP\lwip-1.4.1\src\core\netif.c">
      <Filter>Source files\LWIP-CORE</Filter>
    </ClCompile>
    <ClCompile Include="..\..\..\LWIP\lwip-1.4.1\src\core\pbuf.c">
      <Filter>Source files\LWIP-CORE</Filter>
    </ClCompile>
    <ClCompile Include="..\..\..\LWIP\lwip-1.4.1\src\core\raw.c">
      <Filter>Source files\LWIP-CORE</Filter>
    </ClCompile>
    <ClCompile Include="..\..\..\LWIP\lwip-1.4.1\src\core\stats.c">
      <Filter>Source files\LWIP-CORE</Filter>
    </ClCompile>
    <ClCompile Include="..\..\..\LWIP\lwip-1.4.1\src\core\tcp.c">
      <Filter>Source files\LWIP-CORE</Filter>
    </ClCompile>
    <ClCompile Include="..\..\..\LWIP\lwip-1.4.1\src\core\tcp_in.c">
      <Filter>Source files\LWIP-CORE</Filter>
    </ClCompile>
    <ClCompile Include="..\..\..\LWIP\lwip-1.4.1\src\core\tcp_out.c">
      <Filter>Source files\LWIP-CORE</Filter>
    </ClCompile>
    <ClCompile Include="..\..\..\LWIP\lwip-1.4.1\src\core\timers.c">
      <Filter>Source files\LWIP-CORE</Filter>
    </ClCompile>
    <ClCompile Include="..\..\..\LWIP\lwip-1.4.1\src\core\udp.c">
      <Filter>Source files\LWIP-CORE</Filter>
    </ClCompile>
    <ClCompile Include="..\..\..\LWIP\lwip-1.4.1\src\core\mem.c">
      <Filter>Source files\LWIP-CORE</Filter>
    </ClCompile>
    <ClCompile Include="..\..\..\LWIP\arch\sys_arch.c">
      <Filter>Source files\LWIP-ARCH</Filter>
    </ClCompile>
    <ClCompile Include="..\..\..\LWIP\lwip-1.4.1\src\api\api_lib.c">
      <Filter>Source files\LWIP-API</Filter>
    </ClCompile>
    <ClCompile Include="..\..\..\LWIP\lwip-1.4.1\src\api\api_msg.c">
      <Filter>Source files\LWIP-API</Filter>
    </ClCompile>
    <ClCompile Include="..\..\..\LWIP\lwip-1.4.1\src\api\err.c">
      <Filter>Source files\LWIP-API</Filter>
    </ClCompile>
    <ClCompile Include="..\..\..\LWIP\lwip-1.4.1\src\api\netbuf.c">
      <Filter>Source files\LWIP-API</Filter>
    </ClCompile>
    <ClCompile Include="..\..\..\LWIP\lwip-1.4.1\src\api\netdb.c">
      <Filter>Source files\LWIP-API</Filter>
    </ClCompile>
    <ClCompile Include="..\..\..\LWIP\lwip-1.4.1\src\api\netifapi.c">
      <Filter>Source files\LWIP-API</Filter>
    </ClCompile>
    <ClCompile Include="..\..\..\LWIP\lwip-1.4.1\src\api\sockets.c">
      <Filter>Source files\LWIP-API</Filter>
    </ClCompile>
    <ClCompile Include="..\..\..\LWIP\lwip-1.4.1\src\api\tcpip.c">
      <Filter>Source files\LWIP-API</Filter>
    </ClCompile>
    <ClCompile Include="..\..\..\MALLOC\malloc.c">
      <Filter>Source files\MALLOC</Filter>
    </ClCompile>
    <None Include="mcu.props">
      <Filter>Source files\Device-specific files</Filter>
    </None>
    <ClInclude Include="..\..\..\CORE\core_cm4.h">
      <Filter>Header files\CORE</Filter>
    </ClInclude>
    <ClInclude Include="..\..\..\CORE\core_cm4_simd.h">
      <Filter>Header files\CORE</Filter>
    </ClInclude>
    <ClInclude Include="$(BSP_ROOT)\Drivers\CMSIS\Device\ST\STM32F4xx\Include\stm32f4xx.h">
      <Filter>Header files\Device-specific files</Filter>
    </ClInclude>
    <None Include="LwIP06_RAW_WebServer-Debug.vgdbsettings">
      <Filter>VisualGDB settings</Filter>
    </None>
    <None Include="LwIP06_RAW_WebServer-Release.vgdbsettings">
      <Filter>VisualGDB settings</Filter>
    </None>
    <None Include="MCU.xml">
      <Filter>VisualGDB settings</Filter>
    </None>
  </ItemGroup>
</Project>