
Microsoft Visual Studio Solution File, Format Version 12.00
# Visual Studio Version 16
VisualStudioVersion = 16.0.30225.117
MinimumVisualStudioVersion = 10.0.40219.1
Project("{2150E333-8FDC-42A3-9474-1A3956D46DE8}") = "Solution Items", "Solution Items", "{4E56EFA8-C957-4D24-84E5-6DC1254A1BB8}"
	ProjectSection(SolutionItems) = preProject
		..\..\..\嵌入式学习\资料\探索者F4\探索者F4 资料盘(A盘)\3，ALIENTEK探索者STM32F4开发板原理图\Explorer STM32F4_V2.2_SCH.pdf = ..\..\..\嵌入式学习\资料\探索者F4\探索者F4 资料盘(A盘)\3，ALIENTEK探索者STM32F4开发板原理图\Explorer STM32F4_V2.2_SCH.pdf
		..\..\..\嵌入式学习\资料\探索者F4\探索者F4 资料盘(A盘)\8，STM32参考资料\STM32F4xx中文参考手册.pdf = ..\..\..\嵌入式学习\资料\探索者F4\探索者F4 资料盘(A盘)\8，STM32参考资料\STM32F4xx中文参考手册.pdf
		..\..\..\嵌入式学习\资料\探索者F4\探索者F4 资料盘(A盘)\STM32F4开发指南-库函数版本_V1.1.pdf = ..\..\..\嵌入式学习\资料\探索者F4\探索者F4 资料盘(A盘)\STM32F4开发指南-库函数版本_V1.1.pdf
	EndProjectSection
EndProject
Project("{8BC9CEB8-8B4A-11D0-8D11-00A0C91BC942}") = "Experiment_52_USB_SoundCard_Slave", "Experiment_52_USB_SoundCard_Slave\Project\VS\Experiment_52_USB_SoundCard_Slave\Experiment_52_USB_SoundCard_Slave.vcxproj", "{C7E685C0-93F3-4FD2-BF31-A772C7899138}"
EndProject
Project("{8BC9CEB8-8B4A-11D0-8D11-00A0C91BC942}") = "Experiment_47_1_DSP_BasicMathTest", "Experiment_47_DSP_DigitalSignalProcessor\Project\VS\Experiment_47_1_DSP_BasicMathTest\Experiment_47_1_DSP_BasicMathTest.vcxproj", "{3B325062-41D8-40DF-ADBC-85F905294075}"
EndProject
Project("{8BC9CEB8-8B4A-11D0-8D11-00A0C91BC942}") = "Experiment_47_2_DSP_FFT", "Experiment_47_DSP_DigitalSignalProcessor\Project\VS\Experiment_47_2_DSP_FFT\Experiment_47_2_DSP_FFT.vcxproj", "{AB485062-3C02-4ABE-9F29-458D2A7CDEBB}"
EndProject
Project("{8BC9CEB8-8B4A-11D0-8D11-00A0C91BC942}") = "Experiment_55_EthernetMAC_Controller", "Experiment_55_EthernetMAC_Controller\Project\VS\Experiment_55_EthernetMAC_Controller\Experiment_55_EthernetMAC_Controller.vcxproj", "{89800DEA-7D2F-4897-BA9F-84E28D101242}"
EndProject
Project("{8BC9CEB8-8B4A-11D0-8D11-00A0C91BC942}") = "Experiment_04_SerialPort", "Experiment_04_SerialPort\Project\VS\Experiment_04_SerialPort\Experiment_04_SerialPort.vcxproj", "{5A8A4DF5-D3D9-4FE1-B137-1E7225917355}"
EndProject
Project("{8BC9CEB8-8B4A-11D0-8D11-00A0C91BC942}") = "Experiment_08_TimerInterrupts", "Experiment_08_TimerInterrupts\Project\VS\Experiment_08_TimerInterrupts\Experiment_08_TimerInterrupts.vcxproj", "{4A533302-77B7-4714-A197-6FC3A736403D}"
EndProject
Project("{8BC9CEB8-8B4A-11D0-8D11-00A0C91BC942}") = "UCOSII_3_MessageQueue_Sem_SoftTimer", "UCOSII_3_MessageQueue_Semaphore_SoftwareTimer\Project\VS\UCOSII_3_MessageQueue_Sem_SoftTimer\UCOSII_3_MessageQueue_Sem_SoftTimer.vcxproj", "{3CDCA088-9421-49EB-A0B1-5DE7407BC447}"
EndProject
Project("{8BC9CEB8-8B4A-11D0-8D11-00A0C91BC942}") = "UCOSII_1_2_TaskCreate_Delete_Sus_Resu", "UCOSII_1_2_TaskCreate_Delete_Suspend_Resume\Project\VS\UCOSII_1_2_TaskCreate_Delete_Sus_Resu\UCOSII_1_2_TaskCreate_Delete_Sus_Resu.vcxproj", "{AB91E459-DD59-4229-B7FD-D8DAA1CD61FC}"
EndProject
Project("{8BC9CEB8-8B4A-11D0-8D11-00A0C91BC942}") = "Experiment_26_RS485", "Experiment_26_RS485\Project\VS\Experiment_26_RS485\Experiment_26_RS485.vcxproj", "{76B07DF2-F797-4B52-8123-A6C6115301F7}"
EndProject
Project("{8BC9CEB8-8B4A-11D0-8D11-00A0C91BC942}") = "Experiment_51_USB_CardReader_Slave", "Experiment_51_USB_CardReader_Slave\Project\VS\Experiment_51_USB_CardReader_Slave\Experiment_51_USB_CardReader_Slave.vcxproj", "{AEC91715-D4B7-4492-A401-30D48BE15238}"
EndProject
Project("{8BC9CEB8-8B4A-11D0-8D11-00A0C91BC942}") = "Experiment_12_OLEDDisplay", "Experiment_12_OLEDDisplay\Project\VS\Experiment_12_OLEDDisplay\Experiment_12_OLEDDisplay.vcxproj", "{7C5B7BCC-FAA3-4342-A3F3-F9393301823F}"
EndProject
Global
	GlobalSection(SolutionConfigurationPlatforms) = preSolution
		Debug|VisualGDB = Debug|VisualGDB
		Release|VisualGDB = Release|VisualGDB
	EndGlobalSection
	GlobalSection(ProjectConfigurationPlatforms) = postSolution
		{C7E685C0-93F3-4FD2-BF31-A772C7899138}.Debug|VisualGDB.ActiveCfg = Debug|VisualGDB
		{C7E685C0-93F3-4FD2-BF31-A772C7899138}.Debug|VisualGDB.Build.0 = Debug|VisualGDB
		{C7E685C0-93F3-4FD2-BF31-A772C7899138}.Release|VisualGDB.ActiveCfg = Release|VisualGDB
		{C7E685C0-93F3-4FD2-BF31-A772C7899138}.Release|VisualGDB.Build.0 = Release|VisualGDB
		{3B325062-41D8-40DF-ADBC-85F905294075}.Debug|VisualGDB.ActiveCfg = Debug|VisualGDB
		{3B325062-41D8-40DF-ADBC-85F905294075}.Debug|VisualGDB.Build.0 = Debug|VisualGDB
		{3B325062-41D8-40DF-ADBC-85F905294075}.Release|VisualGDB.ActiveCfg = Release|VisualGDB
		{3B325062-41D8-40DF-ADBC-85F905294075}.Release|VisualGDB.Build.0 = Release|VisualGDB
		{AB485062-3C02-4ABE-9F29-458D2A7CDEBB}.Debug|VisualGDB.ActiveCfg = Debug|VisualGDB
		{AB485062-3C02-4ABE-9F29-458D2A7CDEBB}.Debug|VisualGDB.Build.0 = Debug|VisualGDB
		{AB485062-3C02-4ABE-9F29-458D2A7CDEBB}.Release|VisualGDB.ActiveCfg = Release|VisualGDB
		{AB485062-3C02-4ABE-9F29-458D2A7CDEBB}.Release|VisualGDB.Build.0 = Release|VisualGDB
		{89800DEA-7D2F-4897-BA9F-84E28D101242}.Debug|VisualGDB.ActiveCfg = Debug|VisualGDB
		{89800DEA-7D2F-4897-BA9F-84E28D101242}.Debug|VisualGDB.Build.0 = Debug|VisualGDB
		{89800DEA-7D2F-4897-BA9F-84E28D101242}.Release|VisualGDB.ActiveCfg = Release|VisualGDB
		{89800DEA-7D2F-4897-BA9F-84E28D101242}.Release|VisualGDB.Build.0 = Release|VisualGDB
		{5A8A4DF5-D3D9-4FE1-B137-1E7225917355}.Debug|VisualGDB.ActiveCfg = Debug|VisualGDB
		{5A8A4DF5-D3D9-4FE1-B137-1E7225917355}.Debug|VisualGDB.Build.0 = Debug|VisualGDB
		{5A8A4DF5-D3D9-4FE1-B137-1E7225917355}.Release|VisualGDB.ActiveCfg = Release|VisualGDB
		{5A8A4DF5-D3D9-4FE1-B137-1E7225917355}.Release|VisualGDB.Build.0 = Release|VisualGDB
		{4A533302-77B7-4714-A197-6FC3A736403D}.Debug|VisualGDB.ActiveCfg = Debug|VisualGDB
		{4A533302-77B7-4714-A197-6FC3A736403D}.Debug|VisualGDB.Build.0 = Debug|VisualGDB
		{4A533302-77B7-4714-A197-6FC3A736403D}.Release|VisualGDB.ActiveCfg = Release|VisualGDB
		{4A533302-77B7-4714-A197-6FC3A736403D}.Release|VisualGDB.Build.0 = Release|VisualGDB
		{3CDCA088-9421-49EB-A0B1-5DE7407BC447}.Debug|VisualGDB.ActiveCfg = Debug|VisualGDB
		{3CDCA088-9421-49EB-A0B1-5DE7407BC447}.Debug|VisualGDB.Build.0 = Debug|VisualGDB
		{3CDCA088-9421-49EB-A0B1-5DE7407BC447}.Release|VisualGDB.ActiveCfg = Release|VisualGDB
		{3CDCA088-9421-49EB-A0B1-5DE7407BC447}.Release|VisualGDB.Build.0 = Release|VisualGDB
		{AB91E459-DD59-4229-B7FD-D8DAA1CD61FC}.Debug|VisualGDB.ActiveCfg = Debug|VisualGDB
		{AB91E459-DD59-4229-B7FD-D8DAA1CD61FC}.Debug|VisualGDB.Build.0 = Debug|VisualGDB
		{AB91E459-DD59-4229-B7FD-D8DAA1CD61FC}.Release|VisualGDB.ActiveCfg = Release|VisualGDB
		{AB91E459-DD59-4229-B7FD-D8DAA1CD61FC}.Release|VisualGDB.Build.0 = Release|VisualGDB
		{76B07DF2-F797-4B52-8123-A6C6115301F7}.Debug|VisualGDB.ActiveCfg = Debug|VisualGDB
		{76B07DF2-F797-4B52-8123-A6C6115301F7}.Debug|VisualGDB.Build.0 = Debug|VisualGDB
		{76B07DF2-F797-4B52-8123-A6C6115301F7}.Release|VisualGDB.ActiveCfg = Release|VisualGDB
		{76B07DF2-F797-4B52-8123-A6C6115301F7}.Release|VisualGDB.Build.0 = Release|VisualGDB
		{AEC91715-D4B7-4492-A401-30D48BE15238}.Debug|VisualGDB.ActiveCfg = Debug|VisualGDB
		{AEC91715-D4B7-4492-A401-30D48BE15238}.Debug|VisualGDB.Build.0 = Debug|VisualGDB
		{AEC91715-D4B7-4492-A401-30D48BE15238}.Release|VisualGDB.ActiveCfg = Release|VisualGDB
		{AEC91715-D4B7-4492-A401-30D48BE15238}.Release|VisualGDB.Build.0 = Release|VisualGDB
		{7C5B7BCC-FAA3-4342-A3F3-F9393301823F}.Debug|VisualGDB.ActiveCfg = Debug|VisualGDB
		{7C5B7BCC-FAA3-4342-A3F3-F9393301823F}.Debug|VisualGDB.Build.0 = Debug|VisualGDB
		{7C5B7BCC-FAA3-4342-A3F3-F9393301823F}.Release|VisualGDB.ActiveCfg = Release|VisualGDB
		{7C5B7BCC-FAA3-4342-A3F3-F9393301823F}.Release|VisualGDB.Build.0 = Release|VisualGDB
	EndGlobalSection
	GlobalSection(SolutionProperties) = preSolution
		HideSolutionNode = FALSE
	EndGlobalSection
	GlobalSection(ExtensibilityGlobals) = postSolution
		SolutionGuid = {BBAE1DA8-4774-4B6F-8659-D7213D2381F0}
	EndGlobalSection
EndGlobal
