
Microsoft Visual Studio Solution File, Format Version 12.00
# Visual Studio Version 16
VisualStudioVersion = 16.0.30225.117
MinimumVisualStudioVersion = 10.0.40219.1
Project("{2150E333-8FDC-42A3-9474-1A3956D46DE8}") = "Solution Items", "Solution Items", "{4E56EFA8-C957-4D24-84E5-6DC1254A1BB8}"
	ProjectSection(SolutionItems) = preProject
		..\..\..\嵌入式学习\资料\探索者F4\探索者F4 资料盘(A盘)\3，ALIENTEK探索者STM32F4开发板原理图\Explorer STM32F4_V2.2_SCH.pdf = ..\..\..\嵌入式学习\资料\探索者F4\探索者F4 资料盘(A盘)\3，ALIENTEK探索者STM32F4开发板原理图\Explorer STM32F4_V2.2_SCH.pdf
		..\..\..\嵌入式学习\资料\探索者F4\探索者F4 资料盘(A盘)\STM32F4 LWIP开发手册_V2.1.pdf = ..\..\..\嵌入式学习\资料\探索者F4\探索者F4 资料盘(A盘)\STM32F4 LWIP开发手册_V2.1.pdf
		..\..\..\嵌入式学习\资料\探索者F4\探索者F4 资料盘(A盘)\8，STM32参考资料\STM32F4xx中文参考手册.pdf = ..\..\..\嵌入式学习\资料\探索者F4\探索者F4 资料盘(A盘)\8，STM32参考资料\STM32F4xx中文参考手册.pdf
		..\..\..\嵌入式学习\资料\探索者F4\探索者F4 资料盘(A盘)\STM32F4开发指南-库函数版本_V1.1.pdf = ..\..\..\嵌入式学习\资料\探索者F4\探索者F4 资料盘(A盘)\STM32F4开发指南-库函数版本_V1.1.pdf
	EndProjectSection
EndProject
Project("{8BC9CEB8-8B4A-11D0-8D11-00A0C91BC942}") = "Experiment_52_USB_SoundCard_Slave", "Experiment_52_USB_SoundCard_Slave\Project\VS\Experiment_52_USB_SoundCard_Slave\Experiment_52_USB_SoundCard_Slave.vcxproj", "{C7E685C0-93F3-4FD2-BF31-A772C7899138}"
EndProject
Project("{8BC9CEB8-8B4A-11D0-8D11-00A0C91BC942}") = "Experiment_47_1_DSP_BasicMathTest", "Experiment_47_DSP_DigitalSignalProcessor\Project\VS\Experiment_47_1_DSP_BasicMathTest\Experiment_47_1_DSP_BasicMathTest.vcxproj", "{3B325062-41D8-40DF-ADBC-85F905294075}"
EndProject
Project("{8BC9CEB8-8B4A-11D0-8D11-00A0C91BC942}") = "Experiment_47_2_DSP_FFT", "Experiment_47_DSP_DigitalSignalProcessor\Project\VS\Experiment_47_2_DSP_FFT\Experiment_47_2_DSP_FFT.vcxproj", "{AB485062-3C02-4ABE-9F29-458D2A7CDEBB}"
EndProject
Project("{8BC9CEB8-8B4A-11D0-8D11-00A0C91BC942}") = "Experiment_55_EthernetMAC_Controller", "Experiment_55_EthernetMAC_Controller\Project\VS\Experiment_55_EthernetMAC_Controller\Experiment_55_EthernetMAC_Controller.vcxproj", "{89800DEA-7D2F-4897-BA9F-84E28D101242}"
EndProject
Project("{8BC9CEB8-8B4A-11D0-8D11-00A0C91BC942}") = "Experiment_04_SerialPort", "Experiment_04_SerialPort\Project\VS\Experiment_04_SerialPort\Experiment_04_SerialPort.vcxproj", "{5A8A4DF5-D3D9-4FE1-B137-1E7225917355}"
EndProject
Project("{8BC9CEB8-8B4A-11D0-8D11-00A0C91BC942}") = "Experiment_08_TimerInterrupts", "Experiment_08_TimerInterrupts\Project\VS\Experiment_08_TimerInterrupts\Experiment_08_TimerInterrupts.vcxproj", "{4A533302-77B7-4714-A197-6FC3A736403D}"
EndProject
Project("{8BC9CEB8-8B4A-11D0-8D11-00A0C91BC942}") = "UCOSII_3_MessageQueue_Sem_SoftTimer", "UCOSII_3_MessageQueue_Semaphore_SoftwareTimer\Project\VS\UCOSII_3_MessageQueue_Sem_SoftTimer\UCOSII_3_MessageQueue_Sem_SoftTimer.vcxproj", "{3CDCA088-9421-49EB-A0B1-5DE7407BC447}"
EndProject
Project("{8BC9CEB8-8B4A-11D0-8D11-00A0C91BC942}") = "UCOSII_1_2_TaskCreate_Delete_Sus_Resu", "UCOSII_1_2_TaskCreate_Delete_Suspend_Resume\Project\VS\UCOSII_1_2_TaskCreate_Delete_Sus_Resu\UCOSII_1_2_TaskCreate_Delete_Sus_Resu.vcxproj", "{AB91E459-DD59-4229-B7FD-D8DAA1CD61FC}"
EndProject
Project("{8BC9CEB8-8B4A-11D0-8D11-00A0C91BC942}") = "Experiment_26_RS485", "Experiment_26_RS485\Project\VS\Experiment_26_RS485\Experiment_26_RS485.vcxproj", "{76B07DF2-F797-4B52-8123-A6C6115301F7}"
EndProject
Project("{8BC9CEB8-8B4A-11D0-8D11-00A0C91BC942}") = "Experiment_51_USB_CardReader_Slave", "Experiment_51_USB_CardReader_Slave\Project\VS\Experiment_51_USB_CardReader_Slave\Experiment_51_USB_CardReader_Slave.vcxproj", "{AEC91715-D4B7-4492-A401-30D48BE15238}"
EndProject
Project("{8BC9CEB8-8B4A-11D0-8D11-00A0C91BC942}") = "Experiment_12_OLEDDisplay", "Experiment_12_OLEDDisplay\Project\VS\Experiment_12_OLEDDisplay\Experiment_12_OLEDDisplay.vcxproj", "{7C5B7BCC-FAA3-4342-A3F3-F9393301823F}"
EndProject
Project("{8BC9CEB8-8B4A-11D0-8D11-00A0C91BC942}") = "Experiment_32_MPU6050InertialMeasurementSensor", "Experiment_32_MPU6050InertialMeasurementSensor\Project\VS\Experiment_32_MPU6050InertialMeasurementSensor\Experiment_32_MPU6050InertialMeasurementSensor.vcxproj", "{78CAED98-FF19-45EF-88B1-FB2889036816}"
EndProject
Project("{8BC9CEB8-8B4A-11D0-8D11-00A0C91BC942}") = "Experiment_16_RandomNumberGenerator", "Experiment_16_RandomNumberGenerator\Project\VS\Experiment_16_RandomNumberGenerator\Experiment_16_RandomNumberGenerator.vcxproj", "{0E908006-FBD1-40FF-BDE4-6660A364EFDF}"
EndProject
Project("{8BC9CEB8-8B4A-11D0-8D11-00A0C91BC942}") = "LZ_Classis", "Experiment_Other\LZ_Classis\Project\VS\LZ_Classis\LZ_Classis.vcxproj", "{308E3391-8ED6-40A3-9D45-F4A2A701574B}"
EndProject
Project("{8BC9CEB8-8B4A-11D0-8D11-00A0C91BC942}") = "MilWaveRadarNode", "Experiment_Other\MilWaveRadarNode\Project\VS\MilWaveRadarNode\MilWaveRadarNode.vcxproj", "{310A97B3-6D34-4B18-9C8D-F98313076594}"
EndProject
Project("{8BC9CEB8-8B4A-11D0-8D11-00A0C91BC942}") = "LwIP03_RAW_UDP", "Experiment_Extension\LwIP\LwIP03_RAW_UDP\Project\VS\LwIP03_RAW_UDP\LwIP03_RAW_UDP.vcxproj", "{1DDB6AF6-9E3C-432A-8460-99A1C01723FE}"
EndProject
Project("{8BC9CEB8-8B4A-11D0-8D11-00A0C91BC942}") = "Experiment_59_BootRoutine", "Experiment_59_BootRoutine\Project\VS\Experiment_59_BootRoutine\Experiment_59_BootRoutine.vcxproj", "{FC1D823C-50E0-45E1-830D-DD5D71374E26}"
EndProject
Project("{8BC9CEB8-8B4A-11D0-8D11-00A0C91BC942}") = "LwIP01_LWIP_NoOS_Porting", "Experiment_Extension\LwIP\LwIP01_LWIP_NoOS_Porting\Project\VS\LwIP01_LWIP_NoOS_Porting\LwIP01_LWIP_NoOS_Porting.vcxproj", "{10727D7D-B684-42CD-8D82-86E307CB2394}"
EndProject
Project("{8BC9CEB8-8B4A-11D0-8D11-00A0C91BC942}") = "LwIP02_LWIP_UCOS_Porting", "Experiment_Extension\LwIP\LwIP02_LWIP_UCOS_Porting\Project\VS\LwIP02_LWIP_UCOS_Porting\LwIP02_LWIP_UCOS_Porting.vcxproj", "{8A90D23F-8B56-4E17-A371-49FB2CFFDB5A}"
EndProject
Project("{8BC9CEB8-8B4A-11D0-8D11-00A0C91BC942}") = "LwIP04_RAW_TCP_Client", "Experiment_Extension\LwIP\LwIP04_RAW_TCP_Client\Project\VS\LwIP04_RAW_TCP_Client\LwIP04_RAW_TCP_Client.vcxproj", "{DEBCC48D-04EA-40A2-8430-BFCD4B9799C5}"
EndProject
Project("{8BC9CEB8-8B4A-11D0-8D11-00A0C91BC942}") = "LwIP05_RAW_TCP_Server", "Experiment_Extension\LwIP\LwIP05_RAW_TCP_Server\Project\VS\LwIP05_RAW_TCP_Server\LwIP05_RAW_TCP_Server.vcxproj", "{4F4994A8-D8CD-41AD-B5D3-00982CFFBB16}"
EndProject
Project("{8BC9CEB8-8B4A-11D0-8D11-00A0C91BC942}") = "LwIP06_RAW_WebServer", "Experiment_Extension\LwIP\LwIP06_RAW_WebServer\Project\VS\LwIP06_RAW_WebServer\LwIP06_RAW_WebServer.vcxproj", "{5984BE73-2937-41F9-9EF8-C292D8763EB5}"
EndProject
Project("{8BC9CEB8-8B4A-11D0-8D11-00A0C91BC942}") = "LwIP07_NETCONN_UDP", "Experiment_Extension\LwIP\LwIP07_NETCONN_UDP\Project\VS\LwIP07_NETCONN_UDP\LwIP07_NETCONN_UDP.vcxproj", "{BD462648-B96C-4A87-A7D5-0480021CE6E3}"
EndProject
Project("{8BC9CEB8-8B4A-11D0-8D11-00A0C91BC942}") = "LwIP08_NETCONN_TCP_Client", "Experiment_Extension\LwIP\LwIP08_NETCONN_TCP_Client\Project\VS\LwIP08_NETCONN_TCP_Client\LwIP08_NETCONN_TCP_Client.vcxproj", "{037F1452-F7A5-4F72-AA4D-AD0602E159EE}"
EndProject
Project("{8BC9CEB8-8B4A-11D0-8D11-00A0C91BC942}") = "LwIP09_NETCONN_TCP_Server", "Experiment_Extension\LwIP\LwIP09_NETCONN_TCP_Server\Project\VS\LwIP09_NETCONN_TCP_Server\LwIP09_NETCONN_TCP_Server.vcxproj", "{320642E6-2181-4A2F-845B-4F11906D0E06}"
EndProject
Project("{8BC9CEB8-8B4A-11D0-8D11-00A0C91BC942}") = "LwIP10_NETCONN_WebServer", "Experiment_Extension\LwIP\LwIP10_NETCONN_WebServer\Project\VS\LwIP10_NETCONN_WebServer\LwIP10_NETCONN_WebServer.vcxproj", "{C8E9E97B-64F5-4BF4-885D-BEFA538571D1}"
EndProject
Project("{8BC9CEB8-8B4A-11D0-8D11-00A0C91BC942}") = "UCOSII_1_1_TaskScheduling", "UCOSII_1_1_TaskScheduling\Project\VS\UCOSII_1_1_TaskScheduling\UCOSII_1_1_TaskScheduling.vcxproj", "{CEAD47A1-8D80-4C86-82B6-009CC0CF3DB5}"
EndProject
Project("{8BC9CEB8-8B4A-11D0-8D11-00A0C91BC942}") = "UCOSII_2_Semaphore_Mailbox", "UCOSII_2_Semaphore_Mailbox\Project\VS\UCOSII_2_Semaphore_Mailbox\UCOSII_2_Semaphore_Mailbox.vcxproj", "{76E7D6F3-D9C7-4F81-B7F6-F76E972E2BD8}"
EndProject
Project("{8BC9CEB8-8B4A-11D0-8D11-00A0C91BC942}") = "Experiment_50_Serial_IAP", "Experiment_50_Serial_IAP\Project\VS\Experiment_50_Serial_IAP\Experiment_50_Serial_IAP.vcxproj", "{20CC2337-4C2D-4BD7-85B5-9BBEBDF4DA7E}"
EndProject
Project("{8BC9CEB8-8B4A-11D0-8D11-00A0C91BC942}") = "Experiment_05_ExternalInterrupt", "Experiment_05_ExternalInterrupt\Project\VS\Experiment_05_ExternalInterrupt\Experiment_05_ExternalInterrupt.vcxproj", "{711EF540-4487-4F65-9F1E-0D4AD0AE6500}"
EndProject
Project("{8BC9CEB8-8B4A-11D0-8D11-00A0C91BC942}") = "Experiment_06_IndependentWatchdog", "Experiment_06_IndependentWatchdog\Project\VS\Experiment_06_IndependentWatchdog\Experiment_06_IndependentWatchdog.vcxproj", "{85A654FF-36A9-4C6F-874B-432F83D0BD2C}"
EndProject
Project("{8BC9CEB8-8B4A-11D0-8D11-00A0C91BC942}") = "Experiment_07_WindowDog", "Experiment_07_WindowDog\Project\VS\Experiment_07_WindowDog\Experiment_07_WindowDog.vcxproj", "{245D750A-807F-42C6-B8C7-4BB7ECF1DFC2}"
EndProject
Project("{8BC9CEB8-8B4A-11D0-8D11-00A0C91BC942}") = "Experiment_09_PWMOutput", "Experiment_09_PWMOutput\Project\VS\Experiment_09_PWMOutput\Experiment_09_PWMOutput.vcxproj", "{85DA2856-E7F6-4679-8026-D56E97FF063B}"
EndProject
Project("{8BC9CEB8-8B4A-11D0-8D11-00A0C91BC942}") = "Experiment_10_InputCapture", "Experiment_10_InputCapture\Project\VS\Experiment_10_InputCapture\Experiment_10_InputCapture.vcxproj", "{03EABC9B-068F-4E01-8083-A364FCA16024}"
EndProject
Project("{8BC9CEB8-8B4A-11D0-8D11-00A0C91BC942}") = "Experiment_11_TouchKey", "Experiment_11_TouchKey\Project\VS\Experiment_11_TouchKey\Experiment_11_TouchKey.vcxproj", "{B2B5597E-6A56-4AA1-A845-0DA254ACB3C8}"
EndProject
Project("{8BC9CEB8-8B4A-11D0-8D11-00A0C91BC942}") = "Experiment_13_TFTLCDDisplay", "Experiment_13_TFTLCDDisplay\Project\VS\Experiment_13_TFTLCDDisplay\Experiment_13_TFTLCDDisplay.vcxproj", "{C6C1F24A-C216-423D-8901-4FB09FD5B835}"
EndProject
Project("{8BC9CEB8-8B4A-11D0-8D11-00A0C91BC942}") = "Experiment_14_DebugTool_USMART", "Experiment_14_DebugTool_USMART\Project\VS\Experiment_14_DebugTool_USMART\Experiment_14_DebugTool_USMART.vcxproj", "{FCAF08D9-A9ED-4D48-B6FC-34942497991F}"
EndProject
Project("{8BC9CEB8-8B4A-11D0-8D11-00A0C91BC942}") = "Experiment_15_RTC", "Experiment_15_RTC\Project\VS\Experiment_15_RTC\Experiment_15_RTC.vcxproj", "{8BC8C2FE-D05B-4145-ADB8-20DAC93E0FAE}"
EndProject
Project("{8BC9CEB8-8B4A-11D0-8D11-00A0C91BC942}") = "Experiment_17_PowerUpInStandby", "Experiment_17_PowerUpInStandby\Project\VS\Experiment_17_PowerUpInStandby\Experiment_17_PowerUpInStandby.vcxproj", "{8BCE7280-1117-44F7-99C2-4C38C6B0563A}"
EndProject
Project("{8BC9CEB8-8B4A-11D0-8D11-00A0C91BC942}") = "Experiment_18_ADC", "Experiment_18_ADC\Project\VS\Experiment_18_ADC\Experiment_18_ADC.vcxproj", "{01610EC8-D466-4629-9C0F-7A93CC4BAEE5}"
EndProject
Project("{8BC9CEB8-8B4A-11D0-8D11-00A0C91BC942}") = "Experiment_19_InternalTemperatureSensor", "Experiment_19_InternalTemperatureSensor\Project\VS\Experiment_19_InternalTemperatureSensor\Experiment_19_InternalTemperatureSensor.vcxproj", "{53D1C45D-6C50-40F4-A15E-333A35045D56}"
EndProject
Project("{8BC9CEB8-8B4A-11D0-8D11-00A0C91BC942}") = "Experiment_20_LightSensor", "Experiment_20_LightSensor\Project\VS\Experiment_20_LightSensor\Experiment_20_LightSensor.vcxproj", "{B6002390-CDCD-4C36-B13A-EC77F60DD4D3}"
EndProject
Project("{8BC9CEB8-8B4A-11D0-8D11-00A0C91BC942}") = "Experiment_23_DMA_DirectMemoryAccess", "Experiment_23_DMA_DirectMemoryAccess\Project\VS\Experiment_23_DMA_DirectMemoryAccess\Experiment_23_DMA_DirectMemoryAccess.vcxproj", "{7DF92433-CDFC-42AE-B4EF-E82A3DE10ED8}"
EndProject
Global
	GlobalSection(SolutionConfigurationPlatforms) = preSolution
		Debug|VisualGDB = Debug|VisualGDB
		Release|VisualGDB = Release|VisualGDB
	EndGlobalSection
	GlobalSection(ProjectConfigurationPlatforms) = postSolution
		{C7E685C0-93F3-4FD2-BF31-A772C7899138}.Debug|VisualGDB.ActiveCfg = Debug|VisualGDB
		{C7E685C0-93F3-4FD2-BF31-A772C7899138}.Debug|VisualGDB.Build.0 = Debug|VisualGDB
		{C7E685C0-93F3-4FD2-BF31-A772C7899138}.Release|VisualGDB.ActiveCfg = Release|VisualGDB
		{C7E685C0-93F3-4FD2-BF31-A772C7899138}.Release|VisualGDB.Build.0 = Release|VisualGDB
		{3B325062-41D8-40DF-ADBC-85F905294075}.Debug|VisualGDB.ActiveCfg = Debug|VisualGDB
		{3B325062-41D8-40DF-ADBC-85F905294075}.Debug|VisualGDB.Build.0 = Debug|VisualGDB
		{3B325062-41D8-40DF-ADBC-85F905294075}.Release|VisualGDB.ActiveCfg = Release|VisualGDB
		{3B325062-41D8-40DF-ADBC-85F905294075}.Release|VisualGDB.Build.0 = Release|VisualGDB
		{AB485062-3C02-4ABE-9F29-458D2A7CDEBB}.Debug|VisualGDB.ActiveCfg = Debug|VisualGDB
		{AB485062-3C02-4ABE-9F29-458D2A7CDEBB}.Debug|VisualGDB.Build.0 = Debug|VisualGDB
		{AB485062-3C02-4ABE-9F29-458D2A7CDEBB}.Release|VisualGDB.ActiveCfg = Release|VisualGDB
		{AB485062-3C02-4ABE-9F29-458D2A7CDEBB}.Release|VisualGDB.Build.0 = Release|VisualGDB
		{89800DEA-7D2F-4897-BA9F-84E28D101242}.Debug|VisualGDB.ActiveCfg = Debug|VisualGDB
		{89800DEA-7D2F-4897-BA9F-84E28D101242}.Debug|VisualGDB.Build.0 = Debug|VisualGDB
		{89800DEA-7D2F-4897-BA9F-84E28D101242}.Release|VisualGDB.ActiveCfg = Release|VisualGDB
		{89800DEA-7D2F-4897-BA9F-84E28D101242}.Release|VisualGDB.Build.0 = Release|VisualGDB
		{5A8A4DF5-D3D9-4FE1-B137-1E7225917355}.Debug|VisualGDB.ActiveCfg = Debug|VisualGDB
		{5A8A4DF5-D3D9-4FE1-B137-1E7225917355}.Debug|VisualGDB.Build.0 = Debug|VisualGDB
		{5A8A4DF5-D3D9-4FE1-B137-1E7225917355}.Release|VisualGDB.ActiveCfg = Release|VisualGDB
		{5A8A4DF5-D3D9-4FE1-B137-1E7225917355}.Release|VisualGDB.Build.0 = Release|VisualGDB
		{4A533302-77B7-4714-A197-6FC3A736403D}.Debug|VisualGDB.ActiveCfg = Debug|VisualGDB
		{4A533302-77B7-4714-A197-6FC3A736403D}.Debug|VisualGDB.Build.0 = Debug|VisualGDB
		{4A533302-77B7-4714-A197-6FC3A736403D}.Release|VisualGDB.ActiveCfg = Release|VisualGDB
		{4A533302-77B7-4714-A197-6FC3A736403D}.Release|VisualGDB.Build.0 = Release|VisualGDB
		{3CDCA088-9421-49EB-A0B1-5DE7407BC447}.Debug|VisualGDB.ActiveCfg = Debug|VisualGDB
		{3CDCA088-9421-49EB-A0B1-5DE7407BC447}.Debug|VisualGDB.Build.0 = Debug|VisualGDB
		{3CDCA088-9421-49EB-A0B1-5DE7407BC447}.Release|VisualGDB.ActiveCfg = Release|VisualGDB
		{3CDCA088-9421-49EB-A0B1-5DE7407BC447}.Release|VisualGDB.Build.0 = Release|VisualGDB
		{AB91E459-DD59-4229-B7FD-D8DAA1CD61FC}.Debug|VisualGDB.ActiveCfg = Debug|VisualGDB
		{AB91E459-DD59-4229-B7FD-D8DAA1CD61FC}.Debug|VisualGDB.Build.0 = Debug|VisualGDB
		{AB91E459-DD59-4229-B7FD-D8DAA1CD61FC}.Release|VisualGDB.ActiveCfg = Release|VisualGDB
		{AB91E459-DD59-4229-B7FD-D8DAA1CD61FC}.Release|VisualGDB.Build.0 = Release|VisualGDB
		{76B07DF2-F797-4B52-8123-A6C6115301F7}.Debug|VisualGDB.ActiveCfg = Debug|VisualGDB
		{76B07DF2-F797-4B52-8123-A6C6115301F7}.Debug|VisualGDB.Build.0 = Debug|VisualGDB
		{76B07DF2-F797-4B52-8123-A6C6115301F7}.Release|VisualGDB.ActiveCfg = Release|VisualGDB
		{76B07DF2-F797-4B52-8123-A6C6115301F7}.Release|VisualGDB.Build.0 = Release|VisualGDB
		{AEC91715-D4B7-4492-A401-30D48BE15238}.Debug|VisualGDB.ActiveCfg = Debug|VisualGDB
		{AEC91715-D4B7-4492-A401-30D48BE15238}.Debug|VisualGDB.Build.0 = Debug|VisualGDB
		{AEC91715-D4B7-4492-A401-30D48BE15238}.Release|VisualGDB.ActiveCfg = Release|VisualGDB
		{AEC91715-D4B7-4492-A401-30D48BE15238}.Release|VisualGDB.Build.0 = Release|VisualGDB
		{7C5B7BCC-FAA3-4342-A3F3-F9393301823F}.Debug|VisualGDB.ActiveCfg = Debug|VisualGDB
		{7C5B7BCC-FAA3-4342-A3F3-F9393301823F}.Debug|VisualGDB.Build.0 = Debug|VisualGDB
		{7C5B7BCC-FAA3-4342-A3F3-F9393301823F}.Release|VisualGDB.ActiveCfg = Release|VisualGDB
		{7C5B7BCC-FAA3-4342-A3F3-F9393301823F}.Release|VisualGDB.Build.0 = Release|VisualGDB
		{78CAED98-FF19-45EF-88B1-FB2889036816}.Debug|VisualGDB.ActiveCfg = Debug|VisualGDB
		{78CAED98-FF19-45EF-88B1-FB2889036816}.Debug|VisualGDB.Build.0 = Debug|VisualGDB
		{78CAED98-FF19-45EF-88B1-FB2889036816}.Release|VisualGDB.ActiveCfg = Release|VisualGDB
		{78CAED98-FF19-45EF-88B1-FB2889036816}.Release|VisualGDB.Build.0 = Release|VisualGDB
		{0E908006-FBD1-40FF-BDE4-6660A364EFDF}.Debug|VisualGDB.ActiveCfg = Debug|VisualGDB
		{0E908006-FBD1-40FF-BDE4-6660A364EFDF}.Debug|VisualGDB.Build.0 = Debug|VisualGDB
		{0E908006-FBD1-40FF-BDE4-6660A364EFDF}.Release|VisualGDB.ActiveCfg = Release|VisualGDB
		{0E908006-FBD1-40FF-BDE4-6660A364EFDF}.Release|VisualGDB.Build.0 = Release|VisualGDB
		{308E3391-8ED6-40A3-9D45-F4A2A701574B}.Debug|VisualGDB.ActiveCfg = Debug|VisualGDB
		{308E3391-8ED6-40A3-9D45-F4A2A701574B}.Debug|VisualGDB.Build.0 = Debug|VisualGDB
		{308E3391-8ED6-40A3-9D45-F4A2A701574B}.Release|VisualGDB.ActiveCfg = Release|VisualGDB
		{308E3391-8ED6-40A3-9D45-F4A2A701574B}.Release|VisualGDB.Build.0 = Release|VisualGDB
		{310A97B3-6D34-4B18-9C8D-F98313076594}.Debug|VisualGDB.ActiveCfg = Debug|VisualGDB
		{310A97B3-6D34-4B18-9C8D-F98313076594}.Debug|VisualGDB.Build.0 = Debug|VisualGDB
		{310A97B3-6D34-4B18-9C8D-F98313076594}.Release|VisualGDB.ActiveCfg = Release|VisualGDB
		{310A97B3-6D34-4B18-9C8D-F98313076594}.Release|VisualGDB.Build.0 = Release|VisualGDB
		{1DDB6AF6-9E3C-432A-8460-99A1C01723FE}.Debug|VisualGDB.ActiveCfg = Debug|VisualGDB
		{1DDB6AF6-9E3C-432A-8460-99A1C01723FE}.Debug|VisualGDB.Build.0 = Debug|VisualGDB
		{1DDB6AF6-9E3C-432A-8460-99A1C01723FE}.Release|VisualGDB.ActiveCfg = Release|VisualGDB
		{1DDB6AF6-9E3C-432A-8460-99A1C01723FE}.Release|VisualGDB.Build.0 = Release|VisualGDB
		{FC1D823C-50E0-45E1-830D-DD5D71374E26}.Debug|VisualGDB.ActiveCfg = Debug|VisualGDB
		{FC1D823C-50E0-45E1-830D-DD5D71374E26}.Debug|VisualGDB.Build.0 = Debug|VisualGDB
		{FC1D823C-50E0-45E1-830D-DD5D71374E26}.Release|VisualGDB.ActiveCfg = Release|VisualGDB
		{FC1D823C-50E0-45E1-830D-DD5D71374E26}.Release|VisualGDB.Build.0 = Release|VisualGDB
		{10727D7D-B684-42CD-8D82-86E307CB2394}.Debug|VisualGDB.ActiveCfg = Debug|VisualGDB
		{10727D7D-B684-42CD-8D82-86E307CB2394}.Debug|VisualGDB.Build.0 = Debug|VisualGDB
		{10727D7D-B684-42CD-8D82-86E307CB2394}.Release|VisualGDB.ActiveCfg = Release|VisualGDB
		{10727D7D-B684-42CD-8D82-86E307CB2394}.Release|VisualGDB.Build.0 = Release|VisualGDB
		{8A90D23F-8B56-4E17-A371-49FB2CFFDB5A}.Debug|VisualGDB.ActiveCfg = Debug|VisualGDB
		{8A90D23F-8B56-4E17-A371-49FB2CFFDB5A}.Debug|VisualGDB.Build.0 = Debug|VisualGDB
		{8A90D23F-8B56-4E17-A371-49FB2CFFDB5A}.Release|VisualGDB.ActiveCfg = Release|VisualGDB
		{8A90D23F-8B56-4E17-A371-49FB2CFFDB5A}.Release|VisualGDB.Build.0 = Release|VisualGDB
		{DEBCC48D-04EA-40A2-8430-BFCD4B9799C5}.Debug|VisualGDB.ActiveCfg = Debug|VisualGDB
		{DEBCC48D-04EA-40A2-8430-BFCD4B9799C5}.Debug|VisualGDB.Build.0 = Debug|VisualGDB
		{DEBCC48D-04EA-40A2-8430-BFCD4B9799C5}.Release|VisualGDB.ActiveCfg = Release|VisualGDB
		{DEBCC48D-04EA-40A2-8430-BFCD4B9799C5}.Release|VisualGDB.Build.0 = Release|VisualGDB
		{4F4994A8-D8CD-41AD-B5D3-00982CFFBB16}.Debug|VisualGDB.ActiveCfg = Debug|VisualGDB
		{4F4994A8-D8CD-41AD-B5D3-00982CFFBB16}.Debug|VisualGDB.Build.0 = Debug|VisualGDB
		{4F4994A8-D8CD-41AD-B5D3-00982CFFBB16}.Release|VisualGDB.ActiveCfg = Release|VisualGDB
		{4F4994A8-D8CD-41AD-B5D3-00982CFFBB16}.Release|VisualGDB.Build.0 = Release|VisualGDB
		{5984BE73-2937-41F9-9EF8-C292D8763EB5}.Debug|VisualGDB.ActiveCfg = Debug|VisualGDB
		{5984BE73-2937-41F9-9EF8-C292D8763EB5}.Debug|VisualGDB.Build.0 = Debug|VisualGDB
		{5984BE73-2937-41F9-9EF8-C292D8763EB5}.Release|VisualGDB.ActiveCfg = Release|VisualGDB
		{5984BE73-2937-41F9-9EF8-C292D8763EB5}.Release|VisualGDB.Build.0 = Release|VisualGDB
		{BD462648-B96C-4A87-A7D5-0480021CE6E3}.Debug|VisualGDB.ActiveCfg = Debug|VisualGDB
		{BD462648-B96C-4A87-A7D5-0480021CE6E3}.Debug|VisualGDB.Build.0 = Debug|VisualGDB
		{BD462648-B96C-4A87-A7D5-0480021CE6E3}.Release|VisualGDB.ActiveCfg = Release|VisualGDB
		{BD462648-B96C-4A87-A7D5-0480021CE6E3}.Release|VisualGDB.Build.0 = Release|VisualGDB
		{037F1452-F7A5-4F72-AA4D-AD0602E159EE}.Debug|VisualGDB.ActiveCfg = Debug|VisualGDB
		{037F1452-F7A5-4F72-AA4D-AD0602E159EE}.Debug|VisualGDB.Build.0 = Debug|VisualGDB
		{037F1452-F7A5-4F72-AA4D-AD0602E159EE}.Release|VisualGDB.ActiveCfg = Release|VisualGDB
		{037F1452-F7A5-4F72-AA4D-AD0602E159EE}.Release|VisualGDB.Build.0 = Release|VisualGDB
		{320642E6-2181-4A2F-845B-4F11906D0E06}.Debug|VisualGDB.ActiveCfg = Debug|VisualGDB
		{320642E6-2181-4A2F-845B-4F11906D0E06}.Debug|VisualGDB.Build.0 = Debug|VisualGDB
		{320642E6-2181-4A2F-845B-4F11906D0E06}.Release|VisualGDB.ActiveCfg = Release|VisualGDB
		{320642E6-2181-4A2F-845B-4F11906D0E06}.Release|VisualGDB.Build.0 = Release|VisualGDB
		{C8E9E97B-64F5-4BF4-885D-BEFA538571D1}.Debug|VisualGDB.ActiveCfg = Debug|VisualGDB
		{C8E9E97B-64F5-4BF4-885D-BEFA538571D1}.Debug|VisualGDB.Build.0 = Debug|VisualGDB
		{C8E9E97B-64F5-4BF4-885D-BEFA538571D1}.Release|VisualGDB.ActiveCfg = Release|VisualGDB
		{C8E9E97B-64F5-4BF4-885D-BEFA538571D1}.Release|VisualGDB.Build.0 = Release|VisualGDB
		{CEAD47A1-8D80-4C86-82B6-009CC0CF3DB5}.Debug|VisualGDB.ActiveCfg = Debug|VisualGDB
		{CEAD47A1-8D80-4C86-82B6-009CC0CF3DB5}.Debug|VisualGDB.Build.0 = Debug|VisualGDB
		{CEAD47A1-8D80-4C86-82B6-009CC0CF3DB5}.Release|VisualGDB.ActiveCfg = Release|VisualGDB
		{CEAD47A1-8D80-4C86-82B6-009CC0CF3DB5}.Release|VisualGDB.Build.0 = Release|VisualGDB
		{76E7D6F3-D9C7-4F81-B7F6-F76E972E2BD8}.Debug|VisualGDB.ActiveCfg = Debug|VisualGDB
		{76E7D6F3-D9C7-4F81-B7F6-F76E972E2BD8}.Debug|VisualGDB.Build.0 = Debug|VisualGDB
		{76E7D6F3-D9C7-4F81-B7F6-F76E972E2BD8}.Release|VisualGDB.ActiveCfg = Release|VisualGDB
		{76E7D6F3-D9C7-4F81-B7F6-F76E972E2BD8}.Release|VisualGDB.Build.0 = Release|VisualGDB
		{20CC2337-4C2D-4BD7-85B5-9BBEBDF4DA7E}.Debug|VisualGDB.ActiveCfg = Debug|VisualGDB
		{20CC2337-4C2D-4BD7-85B5-9BBEBDF4DA7E}.Debug|VisualGDB.Build.0 = Debug|VisualGDB
		{20CC2337-4C2D-4BD7-85B5-9BBEBDF4DA7E}.Release|VisualGDB.ActiveCfg = Release|VisualGDB
		{20CC2337-4C2D-4BD7-85B5-9BBEBDF4DA7E}.Release|VisualGDB.Build.0 = Release|VisualGDB
		{711EF540-4487-4F65-9F1E-0D4AD0AE6500}.Debug|VisualGDB.ActiveCfg = Debug|VisualGDB
		{711EF540-4487-4F65-9F1E-0D4AD0AE6500}.Debug|VisualGDB.Build.0 = Debug|VisualGDB
		{711EF540-4487-4F65-9F1E-0D4AD0AE6500}.Release|VisualGDB.ActiveCfg = Release|VisualGDB
		{711EF540-4487-4F65-9F1E-0D4AD0AE6500}.Release|VisualGDB.Build.0 = Release|VisualGDB
		{85A654FF-36A9-4C6F-874B-432F83D0BD2C}.Debug|VisualGDB.ActiveCfg = Debug|VisualGDB
		{85A654FF-36A9-4C6F-874B-432F83D0BD2C}.Debug|VisualGDB.Build.0 = Debug|VisualGDB
		{85A654FF-36A9-4C6F-874B-432F83D0BD2C}.Release|VisualGDB.ActiveCfg = Release|VisualGDB
		{85A654FF-36A9-4C6F-874B-432F83D0BD2C}.Release|VisualGDB.Build.0 = Release|VisualGDB
		{245D750A-807F-42C6-B8C7-4BB7ECF1DFC2}.Debug|VisualGDB.ActiveCfg = Debug|VisualGDB
		{245D750A-807F-42C6-B8C7-4BB7ECF1DFC2}.Debug|VisualGDB.Build.0 = Debug|VisualGDB
		{245D750A-807F-42C6-B8C7-4BB7ECF1DFC2}.Release|VisualGDB.ActiveCfg = Release|VisualGDB
		{245D750A-807F-42C6-B8C7-4BB7ECF1DFC2}.Release|VisualGDB.Build.0 = Release|VisualGDB
		{85DA2856-E7F6-4679-8026-D56E97FF063B}.Debug|VisualGDB.ActiveCfg = Debug|VisualGDB
		{85DA2856-E7F6-4679-8026-D56E97FF063B}.Debug|VisualGDB.Build.0 = Debug|VisualGDB
		{85DA2856-E7F6-4679-8026-D56E97FF063B}.Release|VisualGDB.ActiveCfg = Release|VisualGDB
		{85DA2856-E7F6-4679-8026-D56E97FF063B}.Release|VisualGDB.Build.0 = Release|VisualGDB
		{03EABC9B-068F-4E01-8083-A364FCA16024}.Debug|VisualGDB.ActiveCfg = Debug|VisualGDB
		{03EABC9B-068F-4E01-8083-A364FCA16024}.Debug|VisualGDB.Build.0 = Debug|VisualGDB
		{03EABC9B-068F-4E01-8083-A364FCA16024}.Release|VisualGDB.ActiveCfg = Release|VisualGDB
		{03EABC9B-068F-4E01-8083-A364FCA16024}.Release|VisualGDB.Build.0 = Release|VisualGDB
		{B2B5597E-6A56-4AA1-A845-0DA254ACB3C8}.Debug|VisualGDB.ActiveCfg = Debug|VisualGDB
		{B2B5597E-6A56-4AA1-A845-0DA254ACB3C8}.Debug|VisualGDB.Build.0 = Debug|VisualGDB
		{B2B5597E-6A56-4AA1-A845-0DA254ACB3C8}.Release|VisualGDB.ActiveCfg = Release|VisualGDB
		{B2B5597E-6A56-4AA1-A845-0DA254ACB3C8}.Release|VisualGDB.Build.0 = Release|VisualGDB
		{C6C1F24A-C216-423D-8901-4FB09FD5B835}.Debug|VisualGDB.ActiveCfg = Debug|VisualGDB
		{C6C1F24A-C216-423D-8901-4FB09FD5B835}.Debug|VisualGDB.Build.0 = Debug|VisualGDB
		{C6C1F24A-C216-423D-8901-4FB09FD5B835}.Release|VisualGDB.ActiveCfg = Release|VisualGDB
		{C6C1F24A-C216-423D-8901-4FB09FD5B835}.Release|VisualGDB.Build.0 = Release|VisualGDB
		{FCAF08D9-A9ED-4D48-B6FC-34942497991F}.Debug|VisualGDB.ActiveCfg = Debug|VisualGDB
		{FCAF08D9-A9ED-4D48-B6FC-34942497991F}.Debug|VisualGDB.Build.0 = Debug|VisualGDB
		{FCAF08D9-A9ED-4D48-B6FC-34942497991F}.Release|VisualGDB.ActiveCfg = Release|VisualGDB
		{FCAF08D9-A9ED-4D48-B6FC-34942497991F}.Release|VisualGDB.Build.0 = Release|VisualGDB
		{8BC8C2FE-D05B-4145-ADB8-20DAC93E0FAE}.Debug|VisualGDB.ActiveCfg = Debug|VisualGDB
		{8BC8C2FE-D05B-4145-ADB8-20DAC93E0FAE}.Debug|VisualGDB.Build.0 = Debug|VisualGDB
		{8BC8C2FE-D05B-4145-ADB8-20DAC93E0FAE}.Release|VisualGDB.ActiveCfg = Release|VisualGDB
		{8BC8C2FE-D05B-4145-ADB8-20DAC93E0FAE}.Release|VisualGDB.Build.0 = Release|VisualGDB
		{8BCE7280-1117-44F7-99C2-4C38C6B0563A}.Debug|VisualGDB.ActiveCfg = Debug|VisualGDB
		{8BCE7280-1117-44F7-99C2-4C38C6B0563A}.Debug|VisualGDB.Build.0 = Debug|VisualGDB
		{8BCE7280-1117-44F7-99C2-4C38C6B0563A}.Release|VisualGDB.ActiveCfg = Release|VisualGDB
		{8BCE7280-1117-44F7-99C2-4C38C6B0563A}.Release|VisualGDB.Build.0 = Release|VisualGDB
		{01610EC8-D466-4629-9C0F-7A93CC4BAEE5}.Debug|VisualGDB.ActiveCfg = Debug|VisualGDB
		{01610EC8-D466-4629-9C0F-7A93CC4BAEE5}.Debug|VisualGDB.Build.0 = Debug|VisualGDB
		{01610EC8-D466-4629-9C0F-7A93CC4BAEE5}.Release|VisualGDB.ActiveCfg = Release|VisualGDB
		{01610EC8-D466-4629-9C0F-7A93CC4BAEE5}.Release|VisualGDB.Build.0 = Release|VisualGDB
		{53D1C45D-6C50-40F4-A15E-333A35045D56}.Debug|VisualGDB.ActiveCfg = Debug|VisualGDB
		{53D1C45D-6C50-40F4-A15E-333A35045D56}.Debug|VisualGDB.Build.0 = Debug|VisualGDB
		{53D1C45D-6C50-40F4-A15E-333A35045D56}.Release|VisualGDB.ActiveCfg = Release|VisualGDB
		{53D1C45D-6C50-40F4-A15E-333A35045D56}.Release|VisualGDB.Build.0 = Release|VisualGDB
		{B6002390-CDCD-4C36-B13A-EC77F60DD4D3}.Debug|VisualGDB.ActiveCfg = Debug|VisualGDB
		{B6002390-CDCD-4C36-B13A-EC77F60DD4D3}.Debug|VisualGDB.Build.0 = Debug|VisualGDB
		{B6002390-CDCD-4C36-B13A-EC77F60DD4D3}.Release|VisualGDB.ActiveCfg = Release|VisualGDB
		{B6002390-CDCD-4C36-B13A-EC77F60DD4D3}.Release|VisualGDB.Build.0 = Release|VisualGDB
		{7DF92433-CDFC-42AE-B4EF-E82A3DE10ED8}.Debug|VisualGDB.ActiveCfg = Debug|VisualGDB
		{7DF92433-CDFC-42AE-B4EF-E82A3DE10ED8}.Debug|VisualGDB.Build.0 = Debug|VisualGDB
		{7DF92433-CDFC-42AE-B4EF-E82A3DE10ED8}.Release|VisualGDB.ActiveCfg = Release|VisualGDB
		{7DF92433-CDFC-42AE-B4EF-E82A3DE10ED8}.Release|VisualGDB.Build.0 = Release|VisualGDB
	EndGlobalSection
	GlobalSection(SolutionProperties) = preSolution
		HideSolutionNode = FALSE
	EndGlobalSection
	GlobalSection(ExtensibilityGlobals) = postSolution
		SolutionGuid = {BBAE1DA8-4774-4B6F-8659-D7213D2381F0}
	EndGlobalSection
EndGlobal
